
Microsoft Visual Studio Solution File, Format Version 12.00
# Visual Studio Version 16
VisualStudioVersion = 16.0.30907.101
MinimumVisualStudioVersion = 10.0.40219.1
Project("{9A19103F-16F7-4668-BE54-9A1E7A4F7556}") = "CocktailMakerBackend", "CocktailMakerBackend\CocktailMakerBackend.csproj", "{12A4B048-87FB-4732-B159-366920038492}"
EndProject
Global
	GlobalSection(SolutionConfigurationPlatforms) = preSolution
		Debug|Any CPU = Debug|Any CPU
		Release|Any CPU = Release|Any CPU
	EndGlobalSection
	GlobalSection(ProjectConfigurationPlatforms) = postSolution
		{12A4B048-87FB-4732-B159-366920038492}.Debug|Any CPU.ActiveCfg = Debug|Any CPU
		{12A4B048-87FB-4732-B159-366920038492}.Debug|Any CPU.Build.0 = Debug|Any CPU
		{12A4B048-87FB-4732-B159-366920038492}.Release|Any CPU.ActiveCfg = Release|Any CPU
		{12A4B048-87FB-4732-B159-366920038492}.Release|Any CPU.Build.0 = Release|Any CPU
	EndGlobalSection
	GlobalSection(SolutionProperties) = preSolution
		HideSolutionNode = FALSE
	EndGlobalSection
	GlobalSection(ExtensibilityGlobals) = postSolution
		SolutionGuid = {86AC3E5D-ED40-4C89-869C-AFA46FED1849}
	EndGlobalSection
EndGlobal
